<?xml version="1.0" encoding="utf-8"?>
<Project ToolsVersion="4.0" xmlns="http://schemas.microsoft.com/developer/msbuild/2003">
  <ItemGroup>
    <ClInclude Include="GameServer.h" />
    <ClInclude Include="MonitorThread.h">
      <Filter>Thread</Filter>
    </ClInclude>
    <ClInclude Include="UpdateThread.h">
      <Filter>Thread</Filter>
    </ClInclude>
    <ClInclude Include="..\Common\Actor.h">
      <Filter>Common</Filter>
    </ClInclude>
    <ClInclude Include="..\Common\ActorManager.h">
      <Filter>Common</Filter>
    </ClInclude>
    <ClInclude Include="..\Common\SectorManager.h">
      <Filter>Common</Filter>
    </ClInclude>
    <ClInclude Include="..\Common\GameConfig.h">
      <Filter>Common</Filter>
    </ClInclude>
    <ClInclude Include="..\Common\GameEnum.h">
      <Filter>Common</Filter>
    </ClInclude>
    <ClInclude Include="..\Common\Protocol_Game.h">
      <Filter>Common</Filter>
    </ClInclude>
  </ItemGroup>
  <ItemGroup>
    <ClCompile Include="main.cpp" />
    <ClCompile Include="GameServer.cpp" />
    <ClCompile Include="MonitorThread.cpp">
      <Filter>Thread</Filter>
    </ClCompile>
    <ClCompile Include="UpdateThread.cpp">
      <Filter>Thread</Filter>
    </ClCompile>
    <ClCompile Include="..\Common\Actor.cpp">
      <Filter>Common</Filter>
    </ClCompile>
    <ClCompile Include="..\Common\ActorManager.cpp">
      <Filter>Common</Filter>
    </ClCompile>
    <ClCompile Include="..\Common\SectorManager.cpp">
      <Filter>Common</Filter>
    </ClCompile>
    <ClCompile Include="..\Common\Protocol_Game.cpp">
      <Filter>Common</Filter>
    </ClCompile>
    <ClCompile Include="PacketHandle_MoveStart.cpp">
      <Filter>PacketHandle</Filter>
    </ClCompile>
    <ClCompile Include="PacketHandle_MoveStop.cpp">
      <Filter>PacketHandle</Filter>
    </ClCompile>
    <ClCompile Include="PacketHandle_Attack.cpp">
      <Filter>PacketHandle</Filter>
    </ClCompile>
    <ClCompile Include="PacketHandle_Echo.cpp">
      <Filter>PacketHandle</Filter>
    </ClCompile>
  </ItemGroup>
  <ItemGroup>
    <Filter Include="Thread">
      <UniqueIdentifier>{a1a1d5ab-a829-484a-81b9-cc675c71bcb3}</UniqueIdentifier>
    </Filter>
    <Filter Include="Common">
      <UniqueIdentifier>{8201a4d0-6e86-44bf-b3fd-cc8b4651dac7}</UniqueIdentifier>
    </Filter>
    <Filter Include="PacketHandle">
      <UniqueIdentifier>{846d722e-c948-4211-be2f-359ab1aac28c}</UniqueIdentifier>
    </Filter>
  </ItemGroup>
  <ItemGroup>
    <Xml Include="..\..\Config\GameServer.xml" />
  </ItemGroup>
</Project>